
Microsoft Visual Studio Solution File, Format Version 12.00
# Visual Studio Version 16
VisualStudioVersion = 16.0.29806.167
MinimumVisualStudioVersion = 10.0.40219.1
Project("{FAE04EC0-301F-11D3-BF4B-00C04F79EFBC}") = "Uniza.CSharp.Lab.Delegates", "Uniza.CSharp.Lab.Delegates\Uniza.CSharp.Lab.Delegates.csproj", "{FD278147-9329-47B1-8900-726EF7905202}"
EndProject
Project("{FAE04EC0-301F-11D3-BF4B-00C04F79EFBC}") = "Uniza.CSharp.Lab.Events", "Uniza.CSharp.Lab.Events\Uniza.CSharp.Lab.Events.csproj", "{EF70EA14-0BB7-4D2F-ADE5-FB255D9F5984}"
EndProject
Global
	GlobalSection(SolutionConfigurationPlatforms) = preSolution
		Debug|Any CPU = Debug|Any CPU
		Release|Any CPU = Release|Any CPU
	EndGlobalSection
	GlobalSection(ProjectConfigurationPlatforms) = postSolution
		{FD278147-9329-47B1-8900-726EF7905202}.Debug|Any CPU.ActiveCfg = Debug|Any CPU
		{FD278147-9329-47B1-8900-726EF7905202}.Debug|Any CPU.Build.0 = Debug|Any CPU
		{FD278147-9329-47B1-8900-726EF7905202}.Release|Any CPU.ActiveCfg = Release|Any CPU
		{FD278147-9329-47B1-8900-726EF7905202}.Release|Any CPU.Build.0 = Release|Any CPU
		{EF70EA14-0BB7-4D2F-ADE5-FB255D9F5984}.Debug|Any CPU.ActiveCfg = Debug|Any CPU
		{EF70EA14-0BB7-4D2F-ADE5-FB255D9F5984}.Debug|Any CPU.Build.0 = Debug|Any CPU
		{EF70EA14-0BB7-4D2F-ADE5-FB255D9F5984}.Release|Any CPU.ActiveCfg = Release|Any CPU
		{EF70EA14-0BB7-4D2F-ADE5-FB255D9F5984}.Release|Any CPU.Build.0 = Release|Any CPU
	EndGlobalSection
	GlobalSection(SolutionProperties) = preSolution
		HideSolutionNode = FALSE
	EndGlobalSection
	GlobalSection(ExtensibilityGlobals) = postSolution
		SolutionGuid = {B158D044-A354-41D3-9500-5DA933BFB568}
	EndGlobalSection
EndGlobal
