Microsoft Visual Studio Solution File, Format Version 12.00
# Visual Studio Version 17
VisualStudioVersion = 17.5.2.0
MinimumVisualStudioVersion = 10.0.40219.1
Project("{FAE04EC0-301F-11D3-BF4B-00C04F79EFBC}") = "statistics", "statistics.csproj", "{20708AFD-B63C-C33D-BD69-4F24A35DEC78}"
EndProject
Global
	GlobalSection(SolutionConfigurationPlatforms) = preSolution
		Debug|Any CPU = Debug|Any CPU
		Release|Any CPU = Release|Any CPU
	EndGlobalSection
	GlobalSection(ProjectConfigurationPlatforms) = postSolution
		{20708AFD-B63C-C33D-BD69-4F24A35DEC78}.Debug|Any CPU.ActiveCfg = Debug|Any CPU
		{20708AFD-B63C-C33D-BD69-4F24A35DEC78}.Debug|Any CPU.Build.0 = Debug|Any CPU
		{20708AFD-B63C-C33D-BD69-4F24A35DEC78}.Release|Any CPU.ActiveCfg = Release|Any CPU
		{20708AFD-B63C-C33D-BD69-4F24A35DEC78}.Release|Any CPU.Build.0 = Release|Any CPU
	EndGlobalSection
	GlobalSection(SolutionProperties) = preSolution
		HideSolutionNode = FALSE
	EndGlobalSection
	GlobalSection(ExtensibilityGlobals) = postSolution
		SolutionGuid = {171B7549-2C99-4AB2-9F3C-A0D828A03CBD}
	EndGlobalSection
EndGlobal
